<?xml version="1.0" encoding="UTF-8"?>
<CodeBlocks_project_file>
	<FileVersion major="1" minor="6"/>
	<Project>
		<Option title="pblib"/>
		<Option makefile_is_custom="1"/>
		<Option compiler="gcc"/>
		<Option virtualFolders="CMake Files\;"/>
		<Build>
			<Target title="all">
				<Option working_dir="/home/viktor/pblib"/>
				<Option type="4"/>
				<MakeCommands>
					<Build command="/usr/bin/make -f &quot;/home/viktor/pblib/Makefile&quot;  VERBOSE=1 all"/>
					<CompileFile command="/usr/bin/make -f &quot;/home/viktor/pblib/Makefile&quot;  VERBOSE=1 &quot;$file&quot;"/>
					<Clean command="/usr/bin/make -f &quot;/home/viktor/pblib/Makefile&quot;  VERBOSE=1 clean"/>
					<DistClean command="/usr/bin/make -f &quot;/home/viktor/pblib/Makefile&quot;  VERBOSE=1 clean"/>
				</MakeCommands>
			</Target>
			<Target title="tar_lib">
				<Option working_dir="/home/viktor/pblib"/>
				<Option type="4"/>
				<MakeCommands>
					<Build command="/usr/bin/make -f &quot;/home/viktor/pblib/Makefile&quot;  VERBOSE=1 tar_lib"/>
					<CompileFile command="/usr/bin/make -f &quot;/home/viktor/pblib/Makefile&quot;  VERBOSE=1 &quot;$file&quot;"/>
					<Clean command="/usr/bin/make -f &quot;/home/viktor/pblib/Makefile&quot;  VERBOSE=1 clean"/>
					<DistClean command="/usr/bin/make -f &quot;/home/viktor/pblib/Makefile&quot;  VERBOSE=1 clean"/>
				</MakeCommands>
			</Target>
			<Target title="tar">
				<Option working_dir="/home/viktor/pblib"/>
				<Option type="4"/>
				<MakeCommands>
					<Build command="/usr/bin/make -f &quot;/home/viktor/pblib/Makefile&quot;  VERBOSE=1 tar"/>
					<CompileFile command="/usr/bin/make -f &quot;/home/viktor/pblib/Makefile&quot;  VERBOSE=1 &quot;$file&quot;"/>
					<Clean command="/usr/bin/make -f &quot;/home/viktor/pblib/Makefile&quot;  VERBOSE=1 clean"/>
					<DistClean command="/usr/bin/make -f &quot;/home/viktor/pblib/Makefile&quot;  VERBOSE=1 clean"/>
				</MakeCommands>
			</Target>
			<Target title="pblib">
				<Option output="/home/viktor/pblib/libpblib.a" prefix_auto="0" extension_auto="0"/>
				<Option working_dir="/home/viktor/pblib"/>
				<Option object_output="./"/>
				<Option type="2"/>
				<Option compiler="gcc"/>
				<Compiler>
					<Add directory="/home/viktor/pblib/BasicPBSolver/minisat"/>
				</Compiler>
				<MakeCommands>
					<Build command="/usr/bin/make -f &quot;/home/viktor/pblib/Makefile&quot;  VERBOSE=1 pblib"/>
					<CompileFile command="/usr/bin/make -f &quot;/home/viktor/pblib/Makefile&quot;  VERBOSE=1 &quot;$file&quot;"/>
					<Clean command="/usr/bin/make -f &quot;/home/viktor/pblib/Makefile&quot;  VERBOSE=1 clean"/>
					<DistClean command="/usr/bin/make -f &quot;/home/viktor/pblib/Makefile&quot;  VERBOSE=1 clean"/>
				</MakeCommands>
			</Target>
			<Target title="pblib/fast">
				<Option output="/home/viktor/pblib/libpblib.a" prefix_auto="0" extension_auto="0"/>
				<Option working_dir="/home/viktor/pblib"/>
				<Option object_output="./"/>
				<Option type="2"/>
				<Option compiler="gcc"/>
				<Compiler>
					<Add directory="/home/viktor/pblib/BasicPBSolver/minisat"/>
				</Compiler>
				<MakeCommands>
					<Build command="/usr/bin/make -f &quot;/home/viktor/pblib/Makefile&quot;  VERBOSE=1 pblib/fast"/>
					<CompileFile command="/usr/bin/make -f &quot;/home/viktor/pblib/Makefile&quot;  VERBOSE=1 &quot;$file&quot;"/>
					<Clean command="/usr/bin/make -f &quot;/home/viktor/pblib/Makefile&quot;  VERBOSE=1 clean"/>
					<DistClean command="/usr/bin/make -f &quot;/home/viktor/pblib/Makefile&quot;  VERBOSE=1 clean"/>
				</MakeCommands>
			</Target>
			<Target title="pbo2maxsat">
				<Option output="/home/viktor/pblib/pbo2maxsat" prefix_auto="0" extension_auto="0"/>
				<Option working_dir="/home/viktor/pblib"/>
				<Option object_output="./"/>
				<Option type="1"/>
				<Option compiler="gcc"/>
				<Compiler>
					<Add directory="/home/viktor/pblib/BasicPBSolver/minisat"/>
				</Compiler>
				<MakeCommands>
					<Build command="/usr/bin/make -f &quot;/home/viktor/pblib/Makefile&quot;  VERBOSE=1 pbo2maxsat"/>
					<CompileFile command="/usr/bin/make -f &quot;/home/viktor/pblib/Makefile&quot;  VERBOSE=1 &quot;$file&quot;"/>
					<Clean command="/usr/bin/make -f &quot;/home/viktor/pblib/Makefile&quot;  VERBOSE=1 clean"/>
					<DistClean command="/usr/bin/make -f &quot;/home/viktor/pblib/Makefile&quot;  VERBOSE=1 clean"/>
				</MakeCommands>
			</Target>
			<Target title="pbo2maxsat/fast">
				<Option output="/home/viktor/pblib/pbo2maxsat" prefix_auto="0" extension_auto="0"/>
				<Option working_dir="/home/viktor/pblib"/>
				<Option object_output="./"/>
				<Option type="1"/>
				<Option compiler="gcc"/>
				<Compiler>
					<Add directory="/home/viktor/pblib/BasicPBSolver/minisat"/>
				</Compiler>
				<MakeCommands>
					<Build command="/usr/bin/make -f &quot;/home/viktor/pblib/Makefile&quot;  VERBOSE=1 pbo2maxsat/fast"/>
					<CompileFile command="/usr/bin/make -f &quot;/home/viktor/pblib/Makefile&quot;  VERBOSE=1 &quot;$file&quot;"/>
					<Clean command="/usr/bin/make -f &quot;/home/viktor/pblib/Makefile&quot;  VERBOSE=1 clean"/>
					<DistClean command="/usr/bin/make -f &quot;/home/viktor/pblib/Makefile&quot;  VERBOSE=1 clean"/>
				</MakeCommands>
			</Target>
			<Target title="edit_cache">
				<Option working_dir="/home/viktor/pblib"/>
				<Option type="4"/>
				<MakeCommands>
					<Build command="/usr/bin/make -f &quot;/home/viktor/pblib/Makefile&quot;  VERBOSE=1 edit_cache"/>
					<CompileFile command="/usr/bin/make -f &quot;/home/viktor/pblib/Makefile&quot;  VERBOSE=1 &quot;$file&quot;"/>
					<Clean command="/usr/bin/make -f &quot;/home/viktor/pblib/Makefile&quot;  VERBOSE=1 clean"/>
					<DistClean command="/usr/bin/make -f &quot;/home/viktor/pblib/Makefile&quot;  VERBOSE=1 clean"/>
				</MakeCommands>
			</Target>
			<Target title="pbencoder">
				<Option output="/home/viktor/pblib/pbencoder" prefix_auto="0" extension_auto="0"/>
				<Option working_dir="/home/viktor/pblib"/>
				<Option object_output="./"/>
				<Option type="1"/>
				<Option compiler="gcc"/>
				<Compiler>
					<Add directory="/home/viktor/pblib/BasicPBSolver/minisat"/>
				</Compiler>
				<MakeCommands>
					<Build command="/usr/bin/make -f &quot;/home/viktor/pblib/Makefile&quot;  VERBOSE=1 pbencoder"/>
					<CompileFile command="/usr/bin/make -f &quot;/home/viktor/pblib/Makefile&quot;  VERBOSE=1 &quot;$file&quot;"/>
					<Clean command="/usr/bin/make -f &quot;/home/viktor/pblib/Makefile&quot;  VERBOSE=1 clean"/>
					<DistClean command="/usr/bin/make -f &quot;/home/viktor/pblib/Makefile&quot;  VERBOSE=1 clean"/>
				</MakeCommands>
			</Target>
			<Target title="pbencoder/fast">
				<Option output="/home/viktor/pblib/pbencoder" prefix_auto="0" extension_auto="0"/>
				<Option working_dir="/home/viktor/pblib"/>
				<Option object_output="./"/>
				<Option type="1"/>
				<Option compiler="gcc"/>
				<Compiler>
					<Add directory="/home/viktor/pblib/BasicPBSolver/minisat"/>
				</Compiler>
				<MakeCommands>
					<Build command="/usr/bin/make -f &quot;/home/viktor/pblib/Makefile&quot;  VERBOSE=1 pbencoder/fast"/>
					<CompileFile command="/usr/bin/make -f &quot;/home/viktor/pblib/Makefile&quot;  VERBOSE=1 &quot;$file&quot;"/>
					<Clean command="/usr/bin/make -f &quot;/home/viktor/pblib/Makefile&quot;  VERBOSE=1 clean"/>
					<DistClean command="/usr/bin/make -f &quot;/home/viktor/pblib/Makefile&quot;  VERBOSE=1 clean"/>
				</MakeCommands>
			</Target>
			<Target title="cpfiles">
				<Option working_dir="/home/viktor/pblib"/>
				<Option type="4"/>
				<MakeCommands>
					<Build command="/usr/bin/make -f &quot;/home/viktor/pblib/Makefile&quot;  VERBOSE=1 cpfiles"/>
					<CompileFile command="/usr/bin/make -f &quot;/home/viktor/pblib/Makefile&quot;  VERBOSE=1 &quot;$file&quot;"/>
					<Clean command="/usr/bin/make -f &quot;/home/viktor/pblib/Makefile&quot;  VERBOSE=1 clean"/>
					<DistClean command="/usr/bin/make -f &quot;/home/viktor/pblib/Makefile&quot;  VERBOSE=1 clean"/>
				</MakeCommands>
			</Target>
			<Target title="rebuild_cache">
				<Option working_dir="/home/viktor/pblib"/>
				<Option type="4"/>
				<MakeCommands>
					<Build command="/usr/bin/make -f &quot;/home/viktor/pblib/Makefile&quot;  VERBOSE=1 rebuild_cache"/>
					<CompileFile command="/usr/bin/make -f &quot;/home/viktor/pblib/Makefile&quot;  VERBOSE=1 &quot;$file&quot;"/>
					<Clean command="/usr/bin/make -f &quot;/home/viktor/pblib/Makefile&quot;  VERBOSE=1 clean"/>
					<DistClean command="/usr/bin/make -f &quot;/home/viktor/pblib/Makefile&quot;  VERBOSE=1 clean"/>
				</MakeCommands>
			</Target>
			<Target title="fuzzer">
				<Option output="/home/viktor/pblib/fuzzer" prefix_auto="0" extension_auto="0"/>
				<Option working_dir="/home/viktor/pblib"/>
				<Option object_output="./"/>
				<Option type="1"/>
				<Option compiler="gcc"/>
				<Compiler>
					<Add directory="/home/viktor/pblib/BasicPBSolver/minisat"/>
				</Compiler>
				<MakeCommands>
					<Build command="/usr/bin/make -f &quot;/home/viktor/pblib/Makefile&quot;  VERBOSE=1 fuzzer"/>
					<CompileFile command="/usr/bin/make -f &quot;/home/viktor/pblib/Makefile&quot;  VERBOSE=1 &quot;$file&quot;"/>
					<Clean command="/usr/bin/make -f &quot;/home/viktor/pblib/Makefile&quot;  VERBOSE=1 clean"/>
					<DistClean command="/usr/bin/make -f &quot;/home/viktor/pblib/Makefile&quot;  VERBOSE=1 clean"/>
				</MakeCommands>
			</Target>
			<Target title="fuzzer/fast">
				<Option output="/home/viktor/pblib/fuzzer" prefix_auto="0" extension_auto="0"/>
				<Option working_dir="/home/viktor/pblib"/>
				<Option object_output="./"/>
				<Option type="1"/>
				<Option compiler="gcc"/>
				<Compiler>
					<Add directory="/home/viktor/pblib/BasicPBSolver/minisat"/>
				</Compiler>
				<MakeCommands>
					<Build command="/usr/bin/make -f &quot;/home/viktor/pblib/Makefile&quot;  VERBOSE=1 fuzzer/fast"/>
					<CompileFile command="/usr/bin/make -f &quot;/home/viktor/pblib/Makefile&quot;  VERBOSE=1 &quot;$file&quot;"/>
					<Clean command="/usr/bin/make -f &quot;/home/viktor/pblib/Makefile&quot;  VERBOSE=1 clean"/>
					<DistClean command="/usr/bin/make -f &quot;/home/viktor/pblib/Makefile&quot;  VERBOSE=1 clean"/>
				</MakeCommands>
			</Target>
			<Target title="setup">
				<Option working_dir="/home/viktor/pblib"/>
				<Option type="4"/>
				<MakeCommands>
					<Build command="/usr/bin/make -f &quot;/home/viktor/pblib/Makefile&quot;  VERBOSE=1 setup"/>
					<CompileFile command="/usr/bin/make -f &quot;/home/viktor/pblib/Makefile&quot;  VERBOSE=1 &quot;$file&quot;"/>
					<Clean command="/usr/bin/make -f &quot;/home/viktor/pblib/Makefile&quot;  VERBOSE=1 clean"/>
					<DistClean command="/usr/bin/make -f &quot;/home/viktor/pblib/Makefile&quot;  VERBOSE=1 clean"/>
				</MakeCommands>
			</Target>
		</Build>
		<Unit filename="/home/viktor/pblib/BasicPBSolver/SATSolverClauseDatabase.cpp">
			<Option target="fuzzer"/>
		</Unit>
		<Unit filename="/home/viktor/pblib/BasicPBSolver/SATSolverClauseDatabase.h">
			<Option target="fuzzer"/>
		</Unit>
		<Unit filename="/home/viktor/pblib/IncSimplePBConstraint.cpp">
			<Option target="pblib"/>
		</Unit>
		<Unit filename="/home/viktor/pblib/IncSimplePBConstraint.h">
			<Option target="pblib"/>
		</Unit>
		<Unit filename="/home/viktor/pblib/IncrementalData.cpp">
			<Option target="pblib"/>
		</Unit>
		<Unit filename="/home/viktor/pblib/IncrementalData.h">
			<Option target="pblib"/>
		</Unit>
		<Unit filename="/home/viktor/pblib/PBConfig.cpp">
			<Option target="pblib"/>
		</Unit>
		<Unit filename="/home/viktor/pblib/PBConfig.h">
			<Option target="pblib"/>
		</Unit>
		<Unit filename="/home/viktor/pblib/PBFuzzer.cpp">
			<Option target="pblib"/>
		</Unit>
		<Unit filename="/home/viktor/pblib/PBFuzzer.h">
			<Option target="pblib"/>
		</Unit>
		<Unit filename="/home/viktor/pblib/PBParser.cpp">
			<Option target="pblib"/>
		</Unit>
		<Unit filename="/home/viktor/pblib/PBParser.h">
			<Option target="pblib"/>
		</Unit>
		<Unit filename="/home/viktor/pblib/SimplePBConstraint.cpp">
			<Option target="pblib"/>
		</Unit>
		<Unit filename="/home/viktor/pblib/SimplePBConstraint.h">
			<Option target="pblib"/>
		</Unit>
		<Unit filename="/home/viktor/pblib/VectorClauseDatabase.cpp">
			<Option target="pblib"/>
		</Unit>
		<Unit filename="/home/viktor/pblib/VectorClauseDatabase.h">
			<Option target="pblib"/>
		</Unit>
		<Unit filename="/home/viktor/pblib/auxvarmanager.cpp">
			<Option target="pblib"/>
		</Unit>
		<Unit filename="/home/viktor/pblib/auxvarmanager.h">
			<Option target="pblib"/>
		</Unit>
		<Unit filename="/home/viktor/pblib/clausedatabase.cpp">
			<Option target="pblib"/>
		</Unit>
		<Unit filename="/home/viktor/pblib/clausedatabase.h">
			<Option target="pblib"/>
		</Unit>
		<Unit filename="/home/viktor/pblib/encoder/BDD_Seq_Amo.cpp">
			<Option target="pblib"/>
		</Unit>
		<Unit filename="/home/viktor/pblib/encoder/BDD_Seq_Amo.h">
			<Option target="pblib"/>
		</Unit>
		<Unit filename="/home/viktor/pblib/encoder/BinaryMerge.cpp">
			<Option target="pblib"/>
		</Unit>
		<Unit filename="/home/viktor/pblib/encoder/BinaryMerge.h">
			<Option target="pblib"/>
		</Unit>
		<Unit filename="/home/viktor/pblib/encoder/Encoder.cpp">
			<Option target="pblib"/>
		</Unit>
		<Unit filename="/home/viktor/pblib/encoder/Encoder.h">
			<Option target="pblib"/>
		</Unit>
		<Unit filename="/home/viktor/pblib/encoder/SWC.cpp">
			<Option target="pblib"/>
		</Unit>
		<Unit filename="/home/viktor/pblib/encoder/SWC.h">
			<Option target="pblib"/>
		</Unit>
		<Unit filename="/home/viktor/pblib/encoder/SortingNetworks.cpp">
			<Option target="pblib"/>
		</Unit>
		<Unit filename="/home/viktor/pblib/encoder/SortingNetworks.h">
			<Option target="pblib"/>
		</Unit>
		<Unit filename="/home/viktor/pblib/encoder/adderencoding.cpp">
			<Option target="pblib"/>
		</Unit>
		<Unit filename="/home/viktor/pblib/encoder/adderencoding.h">
			<Option target="pblib"/>
		</Unit>
		<Unit filename="/home/viktor/pblib/encoder/amo.cpp">
			<Option target="pblib"/>
		</Unit>
		<Unit filename="/home/viktor/pblib/encoder/amo.h">
			<Option target="pblib"/>
		</Unit>
		<Unit filename="/home/viktor/pblib/encoder/bdd.cpp">
			<Option target="pblib"/>
		</Unit>
		<Unit filename="/home/viktor/pblib/encoder/bdd.h">
			<Option target="pblib"/>
		</Unit>
		<Unit filename="/home/viktor/pblib/encoder/bimander_amo_encoding.cpp">
			<Option target="pblib"/>
		</Unit>
		<Unit filename="/home/viktor/pblib/encoder/bimander_amo_encoding.h">
			<Option target="pblib"/>
		</Unit>
		<Unit filename="/home/viktor/pblib/encoder/binary_amo.cpp">
			<Option target="pblib"/>
		</Unit>
		<Unit filename="/home/viktor/pblib/encoder/binary_amo.h">
			<Option target="pblib"/>
		</Unit>
		<Unit filename="/home/viktor/pblib/encoder/cardencoding.cpp">
			<Option target="pblib"/>
		</Unit>
		<Unit filename="/home/viktor/pblib/encoder/cardencoding.h">
			<Option target="pblib"/>
		</Unit>
		<Unit filename="/home/viktor/pblib/encoder/commander_encoding.cpp">
			<Option target="pblib"/>
		</Unit>
		<Unit filename="/home/viktor/pblib/encoder/commander_encoding.h">
			<Option target="pblib"/>
		</Unit>
		<Unit filename="/home/viktor/pblib/encoder/k-product.cpp">
			<Option target="pblib"/>
		</Unit>
		<Unit filename="/home/viktor/pblib/encoder/k-product.h">
			<Option target="pblib"/>
		</Unit>
		<Unit filename="/home/viktor/pblib/encoder/naive_amo_encoder.cpp">
			<Option target="pblib"/>
		</Unit>
		<Unit filename="/home/viktor/pblib/encoder/naive_amo_encoder.h">
			<Option target="pblib"/>
		</Unit>
		<Unit filename="/home/viktor/pblib/encoder/sorting_merging.cpp">
			<Option target="pblib"/>
		</Unit>
		<Unit filename="/home/viktor/pblib/encoder/sorting_merging.h">
			<Option target="pblib"/>
		</Unit>
		<Unit filename="/home/viktor/pblib/formula.cpp">
			<Option target="pblib"/>
		</Unit>
		<Unit filename="/home/viktor/pblib/formula.h">
			<Option target="pblib"/>
		</Unit>
		<Unit filename="/home/viktor/pblib/fuzzer.cpp">
			<Option target="fuzzer"/>
		</Unit>
		<Unit filename="/home/viktor/pblib/helper.cpp">
			<Option target="pblib"/>
		</Unit>
		<Unit filename="/home/viktor/pblib/helper.h">
			<Option target="pblib"/>
		</Unit>
		<Unit filename="/home/viktor/pblib/incpbconstraint.cpp">
			<Option target="pblib"/>
		</Unit>
		<Unit filename="/home/viktor/pblib/incpbconstraint.h">
			<Option target="pblib"/>
		</Unit>
		<Unit filename="/home/viktor/pblib/pb2cnf.cpp">
			<Option target="pblib"/>
		</Unit>
		<Unit filename="/home/viktor/pblib/pb2cnf.h">
			<Option target="pblib"/>
		</Unit>
		<Unit filename="/home/viktor/pblib/pbconstraint.cpp">
			<Option target="pblib"/>
		</Unit>
		<Unit filename="/home/viktor/pblib/pbconstraint.h">
			<Option target="pblib"/>
		</Unit>
		<Unit filename="/home/viktor/pblib/pbencoder.cpp">
			<Option target="pbencoder"/>
		</Unit>
		<Unit filename="/home/viktor/pblib/pbo2maxsat.cpp">
			<Option target="pblib"/>
			<Option target="pbo2maxsat"/>
		</Unit>
		<Unit filename="/home/viktor/pblib/preencoder.cpp">
			<Option target="pblib"/>
		</Unit>
		<Unit filename="/home/viktor/pblib/preencoder.h">
			<Option target="pblib"/>
		</Unit>
		<Unit filename="/home/viktor/pblib/CMakeLists.txt">
			<Option virtualFolder="CMake Files\"/>
		</Unit>
	</Project>
</CodeBlocks_project_file>
